
Microsoft Visual Studio Solution File, Format Version 12.00
# Visual Studio 15
VisualStudioVersion = 15.0.27428.2037
MinimumVisualStudioVersion = 10.0.40219.1
Project("{FAE04EC0-301F-11D3-BF4B-00C04F79EFBC}") = "projeto-teste", "projeto-teste\projeto-teste.csproj", "{5881CFC9-5417-4907-BCBE-DE29C509E4CA}"
EndProject
Global
	GlobalSection(SolutionConfigurationPlatforms) = preSolution
		Debug|Any CPU = Debug|Any CPU
		Release|Any CPU = Release|Any CPU
	EndGlobalSection
	GlobalSection(ProjectConfigurationPlatforms) = postSolution
		{5881CFC9-5417-4907-BCBE-DE29C509E4CA}.Debug|Any CPU.ActiveCfg = Debug|Any CPU
		{5881CFC9-5417-4907-BCBE-DE29C509E4CA}.Debug|Any CPU.Build.0 = Debug|Any CPU
		{5881CFC9-5417-4907-BCBE-DE29C509E4CA}.Release|Any CPU.ActiveCfg = Release|Any CPU
		{5881CFC9-5417-4907-BCBE-DE29C509E4CA}.Release|Any CPU.Build.0 = Release|Any CPU
	EndGlobalSection
	GlobalSection(SolutionProperties) = preSolution
		HideSolutionNode = FALSE
	EndGlobalSection
	GlobalSection(ExtensibilityGlobals) = postSolution
		SolutionGuid = {4D42B05E-19CD-44FA-8486-A6450F23BB69}
	EndGlobalSection
EndGlobal
